{
  "nodes": {
    "nixpkgs": {
      "locked": {
        "lastModified": 1765425720,
        "narHash": "sha256-nH7IFukR2iP1y02Wcfjvq5Mwg4uft4gvKSQi90AOeZY=",
        "owner": "NixOS",
        "repo": "nixpkgs",
        "rev": "ba1f2863ecffc4d23f2dfac4e5ecad2b0677be3f",
        "type": "github"
      },
      "original": {
        "owner": "NixOS",
        "ref": "nixpkgs-25.11-darwin",
        "repo": "nixpkgs",
        "type": "github"
      }
    },
    "root": {
      "inputs": {
        "nixpkgs": "nixpkgs"
      }
    }
  },
  "root": "root",
  "version": 7
}
