{
  "nodes": {
    "nixpkgs": {
      "locked": {
        "lastModified": 1765425720,
        "narHash": "sha256-nH7IFukR2iP1y02Wcfjvq5Mwg4uft4gvKSQi90AOeZY=",
        "owner": "NixOS",
        "repo": "nixpkgs",
        "rev": "ba1f2863ecffc4d23f2dfac4e5ecad2b0677be3f",
        "type": "github"
      },
      "original": {
        "owner": "NixOS",
        "ref": "nixpkgs-25.11-darwin",
        "repo": "nixpkgs",
        "type": "github"
      }
    },
    "nixpkgs-master": {
      "locked": {
        "lastModified": 1776802388,
        "narHash": "sha256-bauHscm4cd8VGw8w91z3zMF34mR1ZRmU3Dv6StmXVIU=",
        "owner": "NixOS",
        "repo": "nixpkgs",
        "rev": "87735154131376b0ed230289c8c9a73de37bad6c",
        "type": "github"
      },
      "original": {
        "owner": "NixOS",
        "repo": "nixpkgs",
        "rev": "87735154131376b0ed230289c8c9a73de37bad6c",
        "type": "github"
      }
    },
    "root": {
      "inputs": {
        "nixpkgs": "nixpkgs",
        "nixpkgs-master": "nixpkgs-master"
      }
    }
  },
  "root": "root",
  "version": 7
}
