{
  "nodes": {
    "nixpkgs": {
      "locked": {
        "lastModified": 1765750102,
        "narHash": "sha256-0VK0PKOmryh4V2aBakcTpgshQZ7qRsRRwDm7Eqhs1ZI=",
        "owner": "NixOS",
        "repo": "nixpkgs",
        "rev": "8e8751ad07080fe4d5737a0430cd5c1d3ba5c005",
        "type": "github"
      },
      "original": {
        "owner": "NixOS",
        "ref": "nixpkgs-25.11-darwin",
        "repo": "nixpkgs",
        "type": "github"
      }
    },
    "root": {
      "inputs": {
        "nixpkgs": "nixpkgs"
      }
    }
  },
  "root": "root",
  "version": 7
}
